// !$*UTF8*$!
{
	archiveVersion = 1;
	classes = {
	};
	objectVersion = 56;
	objects = {

/* Begin PBXBuildFile section */
		FB91464D2D6F7980004D7167 /* Agenda_ShufleApp.swift in Sources */ = {isa = PBXBuildFile; fileRef = FB91464C2D6F7980004D7167 /* Agenda_ShufleApp.swift */; };
		FB9146512D6F7981004D7167 /* Assets.xcassets in Resources */ = {isa = PBXBuildFile; fileRef = FB9146502D6F7981004D7167 /* Assets.xcassets */; };
		FB9146542D6F7981004D7167 /* Preview Assets.xcassets in Resources */ = {isa = PBXBuildFile; fileRef = FB9146532D6F7981004D7167 /* Preview Assets.xcassets */; };
		FB91465B2D6F7C0B004D7167 /* PantallaAgenda.swift in Sources */ = {isa = PBXBuildFile; fileRef = FB91465A2D6F7C0B004D7167 /* PantallaAgenda.swift */; };
		FB91465E2D6F7FC2004D7167 /* contacto_prevista.swift in Sources */ = {isa = PBXBuildFile; fileRef = FB91465D2D6F7FC2004D7167 /* contacto_prevista.swift */; };
		FB9146612D6F8714004D7167 /* contacto_agenda.swift in Sources */ = {isa = PBXBuildFile; fileRef = FB9146602D6F8714004D7167 /* contacto_agenda.swift */; };
/* End PBXBuildFile section */

/* Begin PBXFileReference section */
		FB9146492D6F7980004D7167 /* Agenda Shufle.app */ = {isa = PBXFileReference; explicitFileType = wrapper.application; includeInIndex = 0; path = "Agenda Shufle.app"; sourceTree = BUILT_PRODUCTS_DIR; };
		FB91464C2D6F7980004D7167 /* Agenda_ShufleApp.swift */ = {isa = PBXFileReference; lastKnownFileType = sourcecode.swift; path = Agenda_ShufleApp.swift; sourceTree = "<group>"; };
		FB9146502D6F7981004D7167 /* Assets.xcassets */ = {isa = PBXFileReference; lastKnownFileType = folder.assetcatalog; path = Assets.xcassets; sourceTree = "<group>"; };
		FB9146532D6F7981004D7167 /* Preview Assets.xcassets */ = {isa = PBXFileReference; lastKnownFileType = folder.assetcatalog; path = "Preview Assets.xcassets"; sourceTree = "<group>"; };
		FB91465A2D6F7C0B004D7167 /* PantallaAgenda.swift */ = {isa = PBXFileReference; lastKnownFileType = sourcecode.swift; path = PantallaAgenda.swift; sourceTree = "<group>"; };
		FB91465D2D6F7FC2004D7167 /* contacto_prevista.swift */ = {isa = PBXFileReference; lastKnownFileType = sourcecode.swift; path = contacto_prevista.swift; sourceTree = "<group>"; };
		FB9146602D6F8714004D7167 /* contacto_agenda.swift */ = {isa = PBXFileReference; lastKnownFileType = sourcecode.swift; path = contacto_agenda.swift; sourceTree = "<group>"; };
/* End PBXFileReference section */

/* Begin PBXFrameworksBuildPhase section */
		FB9146462D6F7980004D7167 /* Frameworks */ = {
			isa = PBXFrameworksBuildPhase;
			buildActionMask = 2147483647;
			files = (
			);
			runOnlyForDeploymentPostprocessing = 0;
		};
/* End PBXFrameworksBuildPhase section */

/* Begin PBXGroup section */
		FB9146402D6F7980004D7167 = {
			isa = PBXGroup;
			children = (
				FB91464B2D6F7980004D7167 /* Agenda Shufle */,
				FB91464A2D6F7980004D7167 /* Products */,
			);
			sourceTree = "<group>";
		};
		FB91464A2D6F7980004D7167 /* Products */ = {
			isa = PBXGroup;
			children = (
				FB9146492D6F7980004D7167 /* Agenda Shufle.app */,
			);
			name = Products;
			sourceTree = "<group>";
		};
		FB91464B2D6F7980004D7167 /* Agenda Shufle */ = {
			isa = PBXGroup;
			children = (
				FB91465F2D6F85B1004D7167 /* modelos */,
				FB91465C2D6F7F58004D7167 /* componentes */,
				FB91464C2D6F7980004D7167 /* Agenda_ShufleApp.swift */,
				FB9146502D6F7981004D7167 /* Assets.xcassets */,
				FB9146522D6F7981004D7167 /* Preview Content */,
				FB91465A2D6F7C0B004D7167 /* PantallaAgenda.swift */,
			);
			path = "Agenda Shufle";
			sourceTree = "<group>";
		};
		FB9146522D6F7981004D7167 /* Preview Content */ = {
			isa = PBXGroup;
			children = (
				FB9146532D6F7981004D7167 /* Preview Assets.xcassets */,
			);
			path = "Preview Content";
			sourceTree = "<group>";
		};
		FB91465C2D6F7F58004D7167 /* componentes */ = {
			isa = PBXGroup;
			children = (
				FB91465D2D6F7FC2004D7167 /* contacto_prevista.swift */,
			);
			path = componentes;
			sourceTree = "<group>";
		};
		FB91465F2D6F85B1004D7167 /* modelos */ = {
			isa = PBXGroup;
			children = (
				FB9146602D6F8714004D7167 /* contacto_agenda.swift */,
			);
			path = modelos;
			sourceTree = "<group>";
		};
/* End PBXGroup section */

/* Begin PBXNativeTarget section */
		FB9146482D6F7980004D7167 /* Agenda Shufle */ = {
			isa = PBXNativeTarget;
			buildConfigurationList = FB9146572D6F7981004D7167 /* Build configuration list for PBXNativeTarget "Agenda Shufle" */;
			buildPhases = (
				FB9146452D6F7980004D7167 /* Sources */,
				FB9146462D6F7980004D7167 /* Frameworks */,
				FB9146472D6F7980004D7167 /* Resources */,
			);
			buildRules = (
			);
			dependencies = (
			);
			name = "Agenda Shufle";
			productName = "Agenda Shufle";
			productReference = FB9146492D6F7980004D7167 /* Agenda Shufle.app */;
			productType = "com.apple.product-type.application";
		};
/* End PBXNativeTarget section */

/* Begin PBXProject section */
		FB9146412D6F7980004D7167 /* Project object */ = {
			isa = PBXProject;
			attributes = {
				BuildIndependentTargetsInParallel = 1;
				LastSwiftUpdateCheck = 1540;
				LastUpgradeCheck = 1540;
				TargetAttributes = {
					FB9146482D6F7980004D7167 = {
						CreatedOnToolsVersion = 15.4;
					};
				};
			};
			buildConfigurationList = FB9146442D6F7980004D7167 /* Build configuration list for PBXProject "Agenda Shufle" */;
			compatibilityVersion = "Xcode 14.0";
			developmentRegion = en;
			hasScannedForEncodings = 0;
			knownRegions = (
				en,
				Base,
			);
			mainGroup = FB9146402D6F7980004D7167;
			productRefGroup = FB91464A2D6F7980004D7167 /* Products */;
			projectDirPath = "";
			projectRoot = "";
			targets = (
				FB9146482D6F7980004D7167 /* Agenda Shufle */,
			);
		};
/* End PBXProject section */

/* Begin PBXResourcesBuildPhase section */
		FB9146472D6F7980004D7167 /* Resources */ = {
			isa = PBXResourcesBuildPhase;
			buildActionMask = 2147483647;
			files = (
				FB9146542D6F7981004D7167 /* Preview Assets.xcassets in Resources */,
				FB9146512D6F7981004D7167 /* Assets.xcassets in Resources */,
			);
			runOnlyForDeploymentPostprocessing = 0;
		};
/* End PBXResourcesBuildPhase section */

/* Begin PBXSourcesBuildPhase section */
		FB9146452D6F7980004D7167 /* Sources */ = {
			isa = PBXSourcesBuildPhase;
			buildActionMask = 2147483647;
			files = (
				FB91465B2D6F7C0B004D7167 /* PantallaAgenda.swift in Sources */,
				FB91465E2D6F7FC2004D7167 /* contacto_prevista.swift in Sources */,
				FB9146612D6F8714004D7167 /* contacto_agenda.swift in Sources */,
				FB91464D2D6F7980004D7167 /* Agenda_ShufleApp.swift in Sources */,
			);
			runOnlyForDeploymentPostprocessing = 0;
		};
/* End PBXSourcesBuildPhase section */

/* Begin XCBuildConfiguration section */
		FB9146552D6F7981004D7167 /* Debug */ = {
			isa = XCBuildConfiguration;
			buildSettings = {
				ALWAYS_SEARCH_USER_PATHS = NO;
				ASSETCATALOG_COMPILER_GENERATE_SWIFT_ASSET_SYMBOL_EXTENSIONS = YES;
				CLANG_ANALYZER_NONNULL = YES;
				CLANG_ANALYZER_NUMBER_OBJECT_CONVERSION = YES_AGGRESSIVE;
				CLANG_CXX_LANGUAGE_STANDARD = "gnu++20";
				CLANG_ENABLE_MODULES = YES;
				CLANG_ENABLE_OBJC_ARC = YES;
				CLANG_ENABLE_OBJC_WEAK = YES;
				CLANG_WARN_BLOCK_CAPTURE_AUTORELEASING = YES;
				CLANG_WARN_BOOL_CONVERSION = YES;
				CLANG_WARN_COMMA = YES;
				CLANG_WARN_CONSTANT_CONVERSION = YES;
				CLANG_WARN_DEPRECATED_OBJC_IMPLEMENTATIONS = YES;
				CLANG_WARN_DIRECT_OBJC_ISA_USAGE = YES_ERROR;
				CLANG_WARN_DOCUMENTATION_COMMENTS = YES;
				CLANG_WARN_EMPTY_BODY = YES;
				CLANG_WARN_ENUM_CONVERSION = YES;
				CLANG_WARN_INFINITE_RECURSION = YES;
				CLANG_WARN_INT_CONVERSION = YES;
				CLANG_WARN_NON_LITERAL_NULL_CONVERSION = YES;
				CLANG_WARN_OBJC_IMPLICIT_RETAIN_SELF = YES;
				CLANG_WARN_OBJC_LITERAL_CONVERSION = YES;
				CLANG_WARN_OBJC_ROOT_CLASS = YES_ERROR;
				CLANG_WARN_QUOTED_INCLUDE_IN_FRAMEWORK_HEADER = YES;
				CLANG_WARN_RANGE_LOOP_ANALYSIS = YES;
				CLANG_WARN_STRICT_PROTOTYPES = YES;
				CLANG_WARN_SUSPICIOUS_MOVE = YES;
				CLANG_WARN_UNGUARDED_AVAILABILITY = YES_AGGRESSIVE;
				CLANG_WARN_UNREACHABLE_CODE = YES;
				CLANG_WARN__DUPLICATE_METHOD_MATCH = YES;
				COPY_PHASE_STRIP = NO;
				DEBUG_INFORMATION_FORMAT = dwarf;
				ENABLE_STRICT_OBJC_MSGSEND = YES;
				ENABLE_TESTABILITY = YES;
				ENABLE_USER_SCRIPT_SANDBOXING = YES;
				GCC_C_LANGUAGE_STANDARD = gnu17;
				GCC_DYNAMIC_NO_PIC = NO;
				GCC_NO_COMMON_BLOCKS = YES;
				GCC_OPTIMIZATION_LEVEL = 0;
				GCC_PREPROCESSOR_DEFINITIONS = (
					"DEBUG=1",
					"$(inherited)",
				);
				GCC_WARN_64_TO_32_BIT_CONVERSION = YES;
				GCC_WARN_ABOUT_RETURN_TYPE = YES_ERROR;
				GCC_WARN_UNDECLARED_SELECTOR = YES;
				GCC_WARN_UNINITIALIZED_AUTOS = YES_AGGRESSIVE;
				GCC_WARN_UNUSED_FUNCTION = YES;
				GCC_WARN_UNUSED_VARIABLE = YES;
				IPHONEOS_DEPLOYMENT_TARGET = 17.5;
				LOCALIZATION_PREFERS_STRING_CATALOGS = YES;
				MTL_ENABLE_DEBUG_INFO = INCLUDE_SOURCE;
				MTL_FAST_MATH = YES;
				ONLY_ACTIVE_ARCH = YES;
				SDKROOT = iphoneos;
				SWIFT_ACTIVE_COMPILATION_CONDITIONS = "DEBUG $(inherited)";
				SWIFT_OPTIMIZATION_LEVEL = "-Onone";
			};
			name = Debug;
		};
		FB9146562D6F7981004D7167 /* Release */ = {
			isa = XCBuildConfiguration;
			buildSettings = {
				ALWAYS_SEARCH_USER_PATHS = NO;
				ASSETCATALOG_COMPILER_GENERATE_SWIFT_ASSET_SYMBOL_EXTENSIONS = YES;
				CLANG_ANALYZER_NONNULL = YES;
				CLANG_ANALYZER_NUMBER_OBJECT_CONVERSION = YES_AGGRESSIVE;
				CLANG_CXX_LANGUAGE_STANDARD = "gnu++20";
				CLANG_ENABLE_MODULES = YES;
				CLANG_ENABLE_OBJC_ARC = YES;
				CLANG_ENABLE_OBJC_WEAK = YES;
				CLANG_WARN_BLOCK_CAPTURE_AUTORELEASING = YES;
				CLANG_WARN_BOOL_CONVERSION = YES;
				CLANG_WARN_COMMA = YES;
				CLANG_WARN_CONSTANT_CONVERSION = YES;
				CLANG_WARN_DEPRECATED_OBJC_IMPLEMENTATIONS = YES;
				CLANG_WARN_DIRECT_OBJC_ISA_USAGE = YES_ERROR;
				CLANG_WARN_DOCUMENTATION_COMMENTS = YES;
				CLANG_WARN_EMPTY_BODY = YES;
				CLANG_WARN_ENUM_CONVERSION = YES;
				CLANG_WARN_INFINITE_RECURSION = YES;
				CLANG_WARN_INT_CONVERSION = YES;
				CLANG_WARN_NON_LITERAL_NULL_CONVERSION = YES;
				CLANG_WARN_OBJC_IMPLICIT_RETAIN_SELF = YES;
				CLANG_WARN_OBJC_LITERAL_CONVERSION = YES;
				CLANG_WARN_OBJC_ROOT_CLASS = YES_ERROR;
				CLANG_WARN_QUOTED_INCLUDE_IN_FRAMEWORK_HEADER = YES;
				CLANG_WARN_RANGE_LOOP_ANALYSIS = YES;
				CLANG_WARN_STRICT_PROTOTYPES = YES;
				CLANG_WARN_SUSPICIOUS_MOVE = YES;
				CLANG_WARN_UNGUARDED_AVAILABILITY = YES_AGGRESSIVE;
				CLANG_WARN_UNREACHABLE_CODE = YES;
				CLANG_WARN__DUPLICATE_METHOD_MATCH = YES;
				COPY_PHASE_STRIP = NO;
				DEBUG_INFORMATION_FORMAT = "dwarf-with-dsym";
				ENABLE_NS_ASSERTIONS = NO;
				ENABLE_STRICT_OBJC_MSGSEND = YES;
				ENABLE_USER_SCRIPT_SANDBOXING = YES;
				GCC_C_LANGUAGE_STANDARD = gnu17;
				GCC_NO_COMMON_BLOCKS = YES;
				GCC_WARN_64_TO_32_BIT_CONVERSION = YES;
				GCC_WARN_ABOUT_RETURN_TYPE = YES_ERROR;
				GCC_WARN_UNDECLARED_SELECTOR = YES;
				GCC_WARN_UNINITIALIZED_AUTOS = YES_AGGRESSIVE;
				GCC_WARN_UNUSED_FUNCTION = YES;
				GCC_WARN_UNUSED_VARIABLE = YES;
				IPHONEOS_DEPLOYMENT_TARGET = 17.5;
				LOCALIZATION_PREFERS_STRING_CATALOGS = YES;
				MTL_ENABLE_DEBUG_INFO = NO;
				MTL_FAST_MATH = YES;
				SDKROOT = iphoneos;
				SWIFT_COMPILATION_MODE = wholemodule;
				VALIDATE_PRODUCT = YES;
			};
			name = Release;
		};
		FB9146582D6F7981004D7167 /* Debug */ = {
			isa = XCBuildConfiguration;
			buildSettings = {
				ASSETCATALOG_COMPILER_APPICON_NAME = AppIcon;
				ASSETCATALOG_COMPILER_GLOBAL_ACCENT_COLOR_NAME = AccentColor;
				CODE_SIGN_STYLE = Automatic;
				CURRENT_PROJECT_VERSION = 1;
				DEVELOPMENT_ASSET_PATHS = "\"Agenda Shufle/Preview Content\"";
				ENABLE_PREVIEWS = YES;
				GENERATE_INFOPLIST_FILE = YES;
				INFOPLIST_KEY_UIApplicationSceneManifest_Generation = YES;
				INFOPLIST_KEY_UIApplicationSupportsIndirectInputEvents = YES;
				INFOPLIST_KEY_UILaunchScreen_Generation = YES;
				INFOPLIST_KEY_UISupportedInterfaceOrientations_iPad = "UIInterfaceOrientationPortrait UIInterfaceOrientationPortraitUpsideDown UIInterfaceOrientationLandscapeLeft UIInterfaceOrientationLandscapeRight";
				INFOPLIST_KEY_UISupportedInterfaceOrientations_iPhone = "UIInterfaceOrientationPortrait UIInterfaceOrientationLandscapeLeft UIInterfaceOrientationLandscapeRight";
				LD_RUNPATH_SEARCH_PATHS = (
					"$(inherited)",
					"@executable_path/Frameworks",
				);
				MARKETING_VERSION = 1.0;
				PRODUCT_BUNDLE_IDENTIFIER = "mx.alumno.uacj.Agenda-Shufle";
				PRODUCT_NAME = "$(TARGET_NAME)";
				SWIFT_EMIT_LOC_STRINGS = YES;
				SWIFT_VERSION = 5.0;
				TARGETED_DEVICE_FAMILY = "1,2";
			};
			name = Debug;
		};
		FB9146592D6F7981004D7167 /* Release */ = {
			isa = XCBuildConfiguration;
			buildSettings = {
				ASSETCATALOG_COMPILER_APPICON_NAME = AppIcon;
				ASSETCATALOG_COMPILER_GLOBAL_ACCENT_COLOR_NAME = AccentColor;
				CODE_SIGN_STYLE = Automatic;
				CURRENT_PROJECT_VERSION = 1;
				DEVELOPMENT_ASSET_PATHS = "\"Agenda Shufle/Preview Content\"";
				ENABLE_PREVIEWS = YES;
				GENERATE_INFOPLIST_FILE = YES;
				INFOPLIST_KEY_UIApplicationSceneManifest_Generation = YES;
				INFOPLIST_KEY_UIApplicationSupportsIndirectInputEvents = YES;
				INFOPLIST_KEY_UILaunchScreen_Generation = YES;
				INFOPLIST_KEY_UISupportedInterfaceOrientations_iPad = "UIInterfaceOrientationPortrait UIInterfaceOrientationPortraitUpsideDown UIInterfaceOrientationLandscapeLeft UIInterfaceOrientationLandscapeRight";
				INFOPLIST_KEY_UISupportedInterfaceOrientations_iPhone = "UIInterfaceOrientationPortrait UIInterfaceOrientationLandscapeLeft UIInterfaceOrientationLandscapeRight";
				LD_RUNPATH_SEARCH_PATHS = (
					"$(inherited)",
					"@executable_path/Frameworks",
				);
				MARKETING_VERSION = 1.0;
				PRODUCT_BUNDLE_IDENTIFIER = "mx.alumno.uacj.Agenda-Shufle";
				PRODUCT_NAME = "$(TARGET_NAME)";
				SWIFT_EMIT_LOC_STRINGS = YES;
				SWIFT_VERSION = 5.0;
				TARGETED_DEVICE_FAMILY = "1,2";
			};
			name = Release;
		};
/* End XCBuildConfiguration section */

/* Begin XCConfigurationList section */
		FB9146442D6F7980004D7167 /* Build configuration list for PBXProject "Agenda Shufle" */ = {
			isa = XCConfigurationList;
			buildConfigurations = (
				FB9146552D6F7981004D7167 /* Debug */,
				FB9146562D6F7981004D7167 /* Release */,
			);
			defaultConfigurationIsVisible = 0;
			defaultConfigurationName = Release;
		};
		FB9146572D6F7981004D7167 /* Build configuration list for PBXNativeTarget "Agenda Shufle" */ = {
			isa = XCConfigurationList;
			buildConfigurations = (
				FB9146582D6F7981004D7167 /* Debug */,
				FB9146592D6F7981004D7167 /* Release */,
			);
			defaultConfigurationIsVisible = 0;
			defaultConfigurationName = Release;
		};
/* End XCConfigurationList section */
	};
	rootObject = FB9146412D6F7980004D7167 /* Project object */;
}
